
Microsoft Visual Studio Solution File, Format Version 12.00
# Visual Studio 2013
VisualStudioVersion = 12.0.31101.0
MinimumVisualStudioVersion = 10.0.40219.1
Project("{FAE04EC0-301F-11D3-BF4B-00C04F79EFBC}") = "1.TicketCSS", "1.TicketCSS\1.TicketCSS.csproj", "{01EB1690-DA27-4AD1-B927-D5AA27E09B5F}"
EndProject
Project("{FAE04EC0-301F-11D3-BF4B-00C04F79EFBC}") = "2.InternationalEmployees", "2.InternationalEmployees\2.InternationalEmployees.csproj", "{A0AF3883-DCC2-444F-BA09-1B2CC93E7D45}"
EndProject
Global
	GlobalSection(SolutionConfigurationPlatforms) = preSolution
		Debug|Any CPU = Debug|Any CPU
		Release|Any CPU = Release|Any CPU
	EndGlobalSection
	GlobalSection(ProjectConfigurationPlatforms) = postSolution
		{01EB1690-DA27-4AD1-B927-D5AA27E09B5F}.Debug|Any CPU.ActiveCfg = Debug|Any CPU
		{01EB1690-DA27-4AD1-B927-D5AA27E09B5F}.Debug|Any CPU.Build.0 = Debug|Any CPU
		{01EB1690-DA27-4AD1-B927-D5AA27E09B5F}.Release|Any CPU.ActiveCfg = Release|Any CPU
		{01EB1690-DA27-4AD1-B927-D5AA27E09B5F}.Release|Any CPU.Build.0 = Release|Any CPU
		{A0AF3883-DCC2-444F-BA09-1B2CC93E7D45}.Debug|Any CPU.ActiveCfg = Debug|Any CPU
		{A0AF3883-DCC2-444F-BA09-1B2CC93E7D45}.Debug|Any CPU.Build.0 = Debug|Any CPU
		{A0AF3883-DCC2-444F-BA09-1B2CC93E7D45}.Release|Any CPU.ActiveCfg = Release|Any CPU
		{A0AF3883-DCC2-444F-BA09-1B2CC93E7D45}.Release|Any CPU.Build.0 = Release|Any CPU
	EndGlobalSection
	GlobalSection(SolutionProperties) = preSolution
		HideSolutionNode = FALSE
	EndGlobalSection
EndGlobal
